
Microsoft Visual Studio Solution File, Format Version 12.00
# Visual Studio Version 17
VisualStudioVersion = 17.3.32819.101
MinimumVisualStudioVersion = 10.0.40219.1
Project("{FAE04EC0-301F-11D3-BF4B-00C04F79EFBC}") = "HelloJenkin", "HelloJenkin\HelloJenkin.csproj", "{07D45C97-58F2-4F3E-81FB-EDA78C80D7C7}"
EndProject
Project("{FAE04EC0-301F-11D3-BF4B-00C04F79EFBC}") = "Calculator", "Calculator\Calculator.csproj", "{721B63AB-977A-4635-BDC8-FD5229C8B23B}"
EndProject
Global
	GlobalSection(SolutionConfigurationPlatforms) = preSolution
		Debug|Any CPU = Debug|Any CPU
		Release|Any CPU = Release|Any CPU
	EndGlobalSection
	GlobalSection(ProjectConfigurationPlatforms) = postSolution
		{07D45C97-58F2-4F3E-81FB-EDA78C80D7C7}.Debug|Any CPU.ActiveCfg = Debug|Any CPU
		{07D45C97-58F2-4F3E-81FB-EDA78C80D7C7}.Debug|Any CPU.Build.0 = Debug|Any CPU
		{07D45C97-58F2-4F3E-81FB-EDA78C80D7C7}.Release|Any CPU.ActiveCfg = Release|Any CPU
		{07D45C97-58F2-4F3E-81FB-EDA78C80D7C7}.Release|Any CPU.Build.0 = Release|Any CPU
		{721B63AB-977A-4635-BDC8-FD5229C8B23B}.Debug|Any CPU.ActiveCfg = Debug|Any CPU
		{721B63AB-977A-4635-BDC8-FD5229C8B23B}.Debug|Any CPU.Build.0 = Debug|Any CPU
		{721B63AB-977A-4635-BDC8-FD5229C8B23B}.Release|Any CPU.ActiveCfg = Release|Any CPU
		{721B63AB-977A-4635-BDC8-FD5229C8B23B}.Release|Any CPU.Build.0 = Release|Any CPU
	EndGlobalSection
	GlobalSection(SolutionProperties) = preSolution
		HideSolutionNode = FALSE
	EndGlobalSection
	GlobalSection(ExtensibilityGlobals) = postSolution
		SolutionGuid = {9C044305-5DD9-4A36-8DB4-076D99E6EDE0}
	EndGlobalSection
EndGlobal
